// !$*UTF8*$!
{
	archiveVersion = 1;
	classes = {
	};
	objectVersion = 50;
	objects = {

/* Begin PBXBuildFile section */
		45E9E3C124B3C3B800469771 /* AppDelegate.swift in Sources */ = {isa = PBXBuildFile; fileRef = 45E9E3C024B3C3B800469771 /* AppDelegate.swift */; };
		45E9E3C324B3C3B800469771 /* SceneDelegate.swift in Sources */ = {isa = PBXBuildFile; fileRef = 45E9E3C224B3C3B800469771 /* SceneDelegate.swift */; };
		45E9E3C524B3C3B800469771 /* ViewController.swift in Sources */ = {isa = PBXBuildFile; fileRef = 45E9E3C424B3C3B800469771 /* ViewController.swift */; };
		45E9E3C824B3C3B800469771 /* Main.storyboard in Resources */ = {isa = PBXBuildFile; fileRef = 45E9E3C624B3C3B800469771 /* Main.storyboard */; };
		45E9E3CA24B3C3BA00469771 /* Assets.xcassets in Resources */ = {isa = PBXBuildFile; fileRef = 45E9E3C924B3C3BA00469771 /* Assets.xcassets */; };
		45E9E3CD24B3C3BA00469771 /* LaunchScreen.storyboard in Resources */ = {isa = PBXBuildFile; fileRef = 45E9E3CB24B3C3BA00469771 /* LaunchScreen.storyboard */; };
		6DE89FABF772DC066D93C701 /* Pods_oxxo_ios_integ.framework in Frameworks */ = {isa = PBXBuildFile; fileRef = 0FEBE497D5BAA53DFC99D39E /* Pods_oxxo_ios_integ.framework */; };
/* End PBXBuildFile section */

/* Begin PBXFileReference section */
		0FEBE497D5BAA53DFC99D39E /* Pods_oxxo_ios_integ.framework */ = {isa = PBXFileReference; explicitFileType = wrapper.framework; includeInIndex = 0; path = Pods_oxxo_ios_integ.framework; sourceTree = BUILT_PRODUCTS_DIR; };
		45E9E3BD24B3C3B700469771 /* oxxo-ios-integ.app */ = {isa = PBXFileReference; explicitFileType = wrapper.application; includeInIndex = 0; path = "oxxo-ios-integ.app"; sourceTree = BUILT_PRODUCTS_DIR; };
		45E9E3C024B3C3B800469771 /* AppDelegate.swift */ = {isa = PBXFileReference; lastKnownFileType = sourcecode.swift; path = AppDelegate.swift; sourceTree = "<group>"; };
		45E9E3C224B3C3B800469771 /* SceneDelegate.swift */ = {isa = PBXFileReference; lastKnownFileType = sourcecode.swift; path = SceneDelegate.swift; sourceTree = "<group>"; };
		45E9E3C424B3C3B800469771 /* ViewController.swift */ = {isa = PBXFileReference; lastKnownFileType = sourcecode.swift; path = ViewController.swift; sourceTree = "<group>"; };
		45E9E3C724B3C3B800469771 /* Base */ = {isa = PBXFileReference; lastKnownFileType = file.storyboard; name = Base; path = Base.lproj/Main.storyboard; sourceTree = "<group>"; };
		45E9E3C924B3C3BA00469771 /* Assets.xcassets */ = {isa = PBXFileReference; lastKnownFileType = folder.assetcatalog; path = Assets.xcassets; sourceTree = "<group>"; };
		45E9E3CC24B3C3BA00469771 /* Base */ = {isa = PBXFileReference; lastKnownFileType = file.storyboard; name = Base; path = Base.lproj/LaunchScreen.storyboard; sourceTree = "<group>"; };
		45E9E3CE24B3C3BA00469771 /* Info.plist */ = {isa = PBXFileReference; lastKnownFileType = text.plist.xml; path = Info.plist; sourceTree = "<group>"; };
		755E9C2AB8BB955007A233EA /* Pods-oxxo-ios-integ.debug.xcconfig */ = {isa = PBXFileReference; includeInIndex = 1; lastKnownFileType = text.xcconfig; name = "Pods-oxxo-ios-integ.debug.xcconfig"; path = "Target Support Files/Pods-oxxo-ios-integ/Pods-oxxo-ios-integ.debug.xcconfig"; sourceTree = "<group>"; };
		A968FA7F094B9F970B1C2EFC /* Pods-oxxo-ios-integ.release.xcconfig */ = {isa = PBXFileReference; includeInIndex = 1; lastKnownFileType = text.xcconfig; name = "Pods-oxxo-ios-integ.release.xcconfig"; path = "Target Support Files/Pods-oxxo-ios-integ/Pods-oxxo-ios-integ.release.xcconfig"; sourceTree = "<group>"; };
/* End PBXFileReference section */

/* Begin PBXFrameworksBuildPhase section */
		45E9E3BA24B3C3B700469771 /* Frameworks */ = {
			isa = PBXFrameworksBuildPhase;
			buildActionMask = 2147483647;
			files = (
				6DE89FABF772DC066D93C701 /* Pods_oxxo_ios_integ.framework in Frameworks */,
			);
			runOnlyForDeploymentPostprocessing = 0;
		};
/* End PBXFrameworksBuildPhase section */

/* Begin PBXGroup section */
		45E9E3B424B3C3B700469771 = {
			isa = PBXGroup;
			children = (
				45E9E3BF24B3C3B700469771 /* oxxo-ios-integ */,
				45E9E3BE24B3C3B700469771 /* Products */,
				9EF2AE7787AD85E142E56A9B /* Pods */,
				E91AF9E796AF24E7E63336D1 /* Frameworks */,
			);
			sourceTree = "<group>";
		};
		45E9E3BE24B3C3B700469771 /* Products */ = {
			isa = PBXGroup;
			children = (
				45E9E3BD24B3C3B700469771 /* oxxo-ios-integ.app */,
			);
			name = Products;
			sourceTree = "<group>";
		};
		45E9E3BF24B3C3B700469771 /* oxxo-ios-integ */ = {
			isa = PBXGroup;
			children = (
				45E9E3C024B3C3B800469771 /* AppDelegate.swift */,
				45E9E3C224B3C3B800469771 /* SceneDelegate.swift */,
				45E9E3C424B3C3B800469771 /* ViewController.swift */,
				45E9E3C624B3C3B800469771 /* Main.storyboard */,
				45E9E3C924B3C3BA00469771 /* Assets.xcassets */,
				45E9E3CB24B3C3BA00469771 /* LaunchScreen.storyboard */,
				45E9E3CE24B3C3BA00469771 /* Info.plist */,
			);
			path = "oxxo-ios-integ";
			sourceTree = "<group>";
		};
		9EF2AE7787AD85E142E56A9B /* Pods */ = {
			isa = PBXGroup;
			children = (
				755E9C2AB8BB955007A233EA /* Pods-oxxo-ios-integ.debug.xcconfig */,
				A968FA7F094B9F970B1C2EFC /* Pods-oxxo-ios-integ.release.xcconfig */,
			);
			name = Pods;
			path = Pods;
			sourceTree = "<group>";
		};
		E91AF9E796AF24E7E63336D1 /* Frameworks */ = {
			isa = PBXGroup;
			children = (
				0FEBE497D5BAA53DFC99D39E /* Pods_oxxo_ios_integ.framework */,
			);
			name = Frameworks;
			sourceTree = "<group>";
		};
/* End PBXGroup section */

/* Begin PBXNativeTarget section */
		45E9E3BC24B3C3B700469771 /* oxxo-ios-integ */ = {
			isa = PBXNativeTarget;
			buildConfigurationList = 45E9E3D124B3C3BA00469771 /* Build configuration list for PBXNativeTarget "oxxo-ios-integ" */;
			buildPhases = (
				9DF8293A9D06A160DECA5467 /* [CP] Check Pods Manifest.lock */,
				45E9E3B924B3C3B700469771 /* Sources */,
				45E9E3BA24B3C3B700469771 /* Frameworks */,
				45E9E3BB24B3C3B700469771 /* Resources */,
				8F5281B2144D48D21AD95DA6 /* [CP] Embed Pods Frameworks */,
			);
			buildRules = (
			);
			dependencies = (
			);
			name = "oxxo-ios-integ";
			productName = "oxxo-ios-integ";
			productReference = 45E9E3BD24B3C3B700469771 /* oxxo-ios-integ.app */;
			productType = "com.apple.product-type.application";
		};
/* End PBXNativeTarget section */

/* Begin PBXProject section */
		45E9E3B524B3C3B700469771 /* Project object */ = {
			isa = PBXProject;
			attributes = {
				LastSwiftUpdateCheck = 1150;
				LastUpgradeCheck = 1150;
				ORGANIZATIONNAME = Polo;
				TargetAttributes = {
					45E9E3BC24B3C3B700469771 = {
						CreatedOnToolsVersion = 11.5;
					};
				};
			};
			buildConfigurationList = 45E9E3B824B3C3B700469771 /* Build configuration list for PBXProject "oxxo-ios-integ" */;
			compatibilityVersion = "Xcode 9.3";
			developmentRegion = en;
			hasScannedForEncodings = 0;
			knownRegions = (
				en,
				Base,
			);
			mainGroup = 45E9E3B424B3C3B700469771;
			productRefGroup = 45E9E3BE24B3C3B700469771 /* Products */;
			projectDirPath = "";
			projectRoot = "";
			targets = (
				45E9E3BC24B3C3B700469771 /* oxxo-ios-integ */,
			);
		};
/* End PBXProject section */

/* Begin PBXResourcesBuildPhase section */
		45E9E3BB24B3C3B700469771 /* Resources */ = {
			isa = PBXResourcesBuildPhase;
			buildActionMask = 2147483647;
			files = (
				45E9E3CD24B3C3BA00469771 /* LaunchScreen.storyboard in Resources */,
				45E9E3CA24B3C3BA00469771 /* Assets.xcassets in Resources */,
				45E9E3C824B3C3B800469771 /* Main.storyboard in Resources */,
			);
			runOnlyForDeploymentPostprocessing = 0;
		};
/* End PBXResourcesBuildPhase section */

/* Begin PBXShellScriptBuildPhase section */
		8F5281B2144D48D21AD95DA6 /* [CP] Embed Pods Frameworks */ = {
			isa = PBXShellScriptBuildPhase;
			buildActionMask = 2147483647;
			files = (
			);
			inputFileListPaths = (
				"${PODS_ROOT}/Target Support Files/Pods-oxxo-ios-integ/Pods-oxxo-ios-integ-frameworks-${CONFIGURATION}-input-files.xcfilelist",
			);
			name = "[CP] Embed Pods Frameworks";
			outputFileListPaths = (
				"${PODS_ROOT}/Target Support Files/Pods-oxxo-ios-integ/Pods-oxxo-ios-integ-frameworks-${CONFIGURATION}-output-files.xcfilelist",
			);
			runOnlyForDeploymentPostprocessing = 0;
			shellPath = /bin/sh;
			shellScript = "\"${PODS_ROOT}/Target Support Files/Pods-oxxo-ios-integ/Pods-oxxo-ios-integ-frameworks.sh\"\n";
			showEnvVarsInLog = 0;
		};
		9DF8293A9D06A160DECA5467 /* [CP] Check Pods Manifest.lock */ = {
			isa = PBXShellScriptBuildPhase;
			buildActionMask = 2147483647;
			files = (
			);
			inputFileListPaths = (
			);
			inputPaths = (
				"${PODS_PODFILE_DIR_PATH}/Podfile.lock",
				"${PODS_ROOT}/Manifest.lock",
			);
			name = "[CP] Check Pods Manifest.lock";
			outputFileListPaths = (
			);
			outputPaths = (
				"$(DERIVED_FILE_DIR)/Pods-oxxo-ios-integ-checkManifestLockResult.txt",
			);
			runOnlyForDeploymentPostprocessing = 0;
			shellPath = /bin/sh;
			shellScript = "diff \"${PODS_PODFILE_DIR_PATH}/Podfile.lock\" \"${PODS_ROOT}/Manifest.lock\" > /dev/null\nif [ $? != 0 ] ; then\n    # print error to STDERR\n    echo \"error: The sandbox is not in sync with the Podfile.lock. Run 'pod install' or update your CocoaPods installation.\" >&2\n    exit 1\nfi\n# This output is used by Xcode 'outputs' to avoid re-running this script phase.\necho \"SUCCESS\" > \"${SCRIPT_OUTPUT_FILE_0}\"\n";
			showEnvVarsInLog = 0;
		};
/* End PBXShellScriptBuildPhase section */

/* Begin PBXSourcesBuildPhase section */
		45E9E3B924B3C3B700469771 /* Sources */ = {
			isa = PBXSourcesBuildPhase;
			buildActionMask = 2147483647;
			files = (
				45E9E3C524B3C3B800469771 /* ViewController.swift in Sources */,
				45E9E3C124B3C3B800469771 /* AppDelegate.swift in Sources */,
				45E9E3C324B3C3B800469771 /* SceneDelegate.swift in Sources */,
			);
			runOnlyForDeploymentPostprocessing = 0;
		};
/* End PBXSourcesBuildPhase section */

/* Begin PBXVariantGroup section */
		45E9E3C624B3C3B800469771 /* Main.storyboard */ = {
			isa = PBXVariantGroup;
			children = (
				45E9E3C724B3C3B800469771 /* Base */,
			);
			name = Main.storyboard;
			sourceTree = "<group>";
		};
		45E9E3CB24B3C3BA00469771 /* LaunchScreen.storyboard */ = {
			isa = PBXVariantGroup;
			children = (
				45E9E3CC24B3C3BA00469771 /* Base */,
			);
			name = LaunchScreen.storyboard;
			sourceTree = "<group>";
		};
/* End PBXVariantGroup section */

/* Begin XCBuildConfiguration section */
		45E9E3CF24B3C3BA00469771 /* Debug */ = {
			isa = XCBuildConfiguration;
			buildSettings = {
				ALWAYS_SEARCH_USER_PATHS = NO;
				CLANG_ANALYZER_NONNULL = YES;
				CLANG_ANALYZER_NUMBER_OBJECT_CONVERSION = YES_AGGRESSIVE;
				CLANG_CXX_LANGUAGE_STANDARD = "gnu++14";
				CLANG_CXX_LIBRARY = "libc++";
				CLANG_ENABLE_MODULES = YES;
				CLANG_ENABLE_OBJC_ARC = YES;
				CLANG_ENABLE_OBJC_WEAK = YES;
				CLANG_WARN_BLOCK_CAPTURE_AUTORELEASING = YES;
				CLANG_WARN_BOOL_CONVERSION = YES;
				CLANG_WARN_COMMA = YES;
				CLANG_WARN_CONSTANT_CONVERSION = YES;
				CLANG_WARN_DEPRECATED_OBJC_IMPLEMENTATIONS = YES;
				CLANG_WARN_DIRECT_OBJC_ISA_USAGE = YES_ERROR;
				CLANG_WARN_DOCUMENTATION_COMMENTS = YES;
				CLANG_WARN_EMPTY_BODY = YES;
				CLANG_WARN_ENUM_CONVERSION = YES;
				CLANG_WARN_INFINITE_RECURSION = YES;
				CLANG_WARN_INT_CONVERSION = YES;
				CLANG_WARN_NON_LITERAL_NULL_CONVERSION = YES;
				CLANG_WARN_OBJC_IMPLICIT_RETAIN_SELF = YES;
				CLANG_WARN_OBJC_LITERAL_CONVERSION = YES;
				CLANG_WARN_OBJC_ROOT_CLASS = YES_ERROR;
				CLANG_WARN_RANGE_LOOP_ANALYSIS = YES;
				CLANG_WARN_STRICT_PROTOTYPES = YES;
				CLANG_WARN_SUSPICIOUS_MOVE = YES;
				CLANG_WARN_UNGUARDED_AVAILABILITY = YES_AGGRESSIVE;
				CLANG_WARN_UNREACHABLE_CODE = YES;
				CLANG_WARN__DUPLICATE_METHOD_MATCH = YES;
				COPY_PHASE_STRIP = NO;
				DEBUG_INFORMATION_FORMAT = dwarf;
				ENABLE_STRICT_OBJC_MSGSEND = YES;
				ENABLE_TESTABILITY = YES;
				GCC_C_LANGUAGE_STANDARD = gnu11;
				GCC_DYNAMIC_NO_PIC = NO;
				GCC_NO_COMMON_BLOCKS = YES;
				GCC_OPTIMIZATION_LEVEL = 0;
				GCC_PREPROCESSOR_DEFINITIONS = (
					"DEBUG=1",
					"$(inherited)",
				);
				GCC_WARN_64_TO_32_BIT_CONVERSION = YES;
				GCC_WARN_ABOUT_RETURN_TYPE = YES_ERROR;
				GCC_WARN_UNDECLARED_SELECTOR = YES;
				GCC_WARN_UNINITIALIZED_AUTOS = YES_AGGRESSIVE;
				GCC_WARN_UNUSED_FUNCTION = YES;
				GCC_WARN_UNUSED_VARIABLE = YES;
				IPHONEOS_DEPLOYMENT_TARGET = 13.5;
				MTL_ENABLE_DEBUG_INFO = INCLUDE_SOURCE;
				MTL_FAST_MATH = YES;
				ONLY_ACTIVE_ARCH = YES;
				SDKROOT = iphoneos;
				SWIFT_ACTIVE_COMPILATION_CONDITIONS = DEBUG;
				SWIFT_OPTIMIZATION_LEVEL = "-Onone";
			};
			name = Debug;
		};
		45E9E3D024B3C3BA00469771 /* Release */ = {
			isa = XCBuildConfiguration;
			buildSettings = {
				ALWAYS_SEARCH_USER_PATHS = NO;
				CLANG_ANALYZER_NONNULL = YES;
				CLANG_ANALYZER_NUMBER_OBJECT_CONVERSION = YES_AGGRESSIVE;
				CLANG_CXX_LANGUAGE_STANDARD = "gnu++14";
				CLANG_CXX_LIBRARY = "libc++";
				CLANG_ENABLE_MODULES = YES;
				CLANG_ENABLE_OBJC_ARC = YES;
				CLANG_ENABLE_OBJC_WEAK = YES;
				CLANG_WARN_BLOCK_CAPTURE_AUTORELEASING = YES;
				CLANG_WARN_BOOL_CONVERSION = YES;
				CLANG_WARN_COMMA = YES;
				CLANG_WARN_CONSTANT_CONVERSION = YES;
				CLANG_WARN_DEPRECATED_OBJC_IMPLEMENTATIONS = YES;
				CLANG_WARN_DIRECT_OBJC_ISA_USAGE = YES_ERROR;
				CLANG_WARN_DOCUMENTATION_COMMENTS = YES;
				CLANG_WARN_EMPTY_BODY = YES;
				CLANG_WARN_ENUM_CONVERSION = YES;
				CLANG_WARN_INFINITE_RECURSION = YES;
				CLANG_WARN_INT_CONVERSION = YES;
				CLANG_WARN_NON_LITERAL_NULL_CONVERSION = YES;
				CLANG_WARN_OBJC_IMPLICIT_RETAIN_SELF = YES;
				CLANG_WARN_OBJC_LITERAL_CONVERSION = YES;
				CLANG_WARN_OBJC_ROOT_CLASS = YES_ERROR;
				CLANG_WARN_RANGE_LOOP_ANALYSIS = YES;
				CLANG_WARN_STRICT_PROTOTYPES = YES;
				CLANG_WARN_SUSPICIOUS_MOVE = YES;
				CLANG_WARN_UNGUARDED_AVAILABILITY = YES_AGGRESSIVE;
				CLANG_WARN_UNREACHABLE_CODE = YES;
				CLANG_WARN__DUPLICATE_METHOD_MATCH = YES;
				COPY_PHASE_STRIP = NO;
				DEBUG_INFORMATION_FORMAT = "dwarf-with-dsym";
				ENABLE_NS_ASSERTIONS = NO;
				ENABLE_STRICT_OBJC_MSGSEND = YES;
				GCC_C_LANGUAGE_STANDARD = gnu11;
				GCC_NO_COMMON_BLOCKS = YES;
				GCC_WARN_64_TO_32_BIT_CONVERSION = YES;
				GCC_WARN_ABOUT_RETURN_TYPE = YES_ERROR;
				GCC_WARN_UNDECLARED_SELECTOR = YES;
				GCC_WARN_UNINITIALIZED_AUTOS = YES_AGGRESSIVE;
				GCC_WARN_UNUSED_FUNCTION = YES;
				GCC_WARN_UNUSED_VARIABLE = YES;
				IPHONEOS_DEPLOYMENT_TARGET = 13.5;
				MTL_ENABLE_DEBUG_INFO = NO;
				MTL_FAST_MATH = YES;
				SDKROOT = iphoneos;
				SWIFT_COMPILATION_MODE = wholemodule;
				SWIFT_OPTIMIZATION_LEVEL = "-O";
				VALIDATE_PRODUCT = YES;
			};
			name = Release;
		};
		45E9E3D224B3C3BA00469771 /* Debug */ = {
			isa = XCBuildConfiguration;
			baseConfigurationReference = 755E9C2AB8BB955007A233EA /* Pods-oxxo-ios-integ.debug.xcconfig */;
			buildSettings = {
				ASSETCATALOG_COMPILER_APPICON_NAME = AppIcon;
				CODE_SIGN_STYLE = Automatic;
				DEVELOPMENT_TEAM = Y28TH9SHX7;
				INFOPLIST_FILE = "oxxo-ios-integ/Info.plist";
				LD_RUNPATH_SEARCH_PATHS = (
					"$(inherited)",
					"@executable_path/Frameworks",
				);
				PRODUCT_BUNDLE_IDENTIFIER = "com.example.oxxo-ios-integ";
				PRODUCT_NAME = "$(TARGET_NAME)";
				SWIFT_VERSION = 5.0;
				TARGETED_DEVICE_FAMILY = "1,2";
			};
			name = Debug;
		};
		45E9E3D324B3C3BA00469771 /* Release */ = {
			isa = XCBuildConfiguration;
			baseConfigurationReference = A968FA7F094B9F970B1C2EFC /* Pods-oxxo-ios-integ.release.xcconfig */;
			buildSettings = {
				ASSETCATALOG_COMPILER_APPICON_NAME = AppIcon;
				CODE_SIGN_STYLE = Automatic;
				DEVELOPMENT_TEAM = Y28TH9SHX7;
				INFOPLIST_FILE = "oxxo-ios-integ/Info.plist";
				LD_RUNPATH_SEARCH_PATHS = (
					"$(inherited)",
					"@executable_path/Frameworks",
				);
				PRODUCT_BUNDLE_IDENTIFIER = "com.example.oxxo-ios-integ";
				PRODUCT_NAME = "$(TARGET_NAME)";
				SWIFT_VERSION = 5.0;
				TARGETED_DEVICE_FAMILY = "1,2";
			};
			name = Release;
		};
/* End XCBuildConfiguration section */

/* Begin XCConfigurationList section */
		45E9E3B824B3C3B700469771 /* Build configuration list for PBXProject "oxxo-ios-integ" */ = {
			isa = XCConfigurationList;
			buildConfigurations = (
				45E9E3CF24B3C3BA00469771 /* Debug */,
				45E9E3D024B3C3BA00469771 /* Release */,
			);
			defaultConfigurationIsVisible = 0;
			defaultConfigurationName = Release;
		};
		45E9E3D124B3C3BA00469771 /* Build configuration list for PBXNativeTarget "oxxo-ios-integ" */ = {
			isa = XCConfigurationList;
			buildConfigurations = (
				45E9E3D224B3C3BA00469771 /* Debug */,
				45E9E3D324B3C3BA00469771 /* Release */,
			);
			defaultConfigurationIsVisible = 0;
			defaultConfigurationName = Release;
		};
/* End XCConfigurationList section */
	};
	rootObject = 45E9E3B524B3C3B700469771 /* Project object */;
}
